PODS:
  - ASValueTrackingSlider (0.11.2)
  - Masonry (1.0.2)

DEPENDENCIES:
  - ASValueTrackingSlider
  - Masonry

SPEC CHECKSUMS:
  ASValueTrackingSlider: 45c9f78252da60de01d8f2afe869aaf90dd978d9
  Masonry: 7c429b56da9d4ee0bbb3ed77a5ea710d6a5df39e

PODFILE CHECKSUM: 508e33f7ff7aa7d67a75766459b60b88fee81585

COCOAPODS: 1.1.1
