// !$*UTF8*$!
{
	archiveVersion = 1;
	classes = {
	};
	objectVersion = 46;
	objects = {

/* Begin PBXBuildFile section */
		743B7CE51DF2573000E1F0AC /* AppDelegate.swift in Sources */ = {isa = PBXBuildFile; fileRef = 743B7CE41DF2573000E1F0AC /* AppDelegate.swift */; };
		743B7CE71DF2573000E1F0AC /* ViewController.swift in Sources */ = {isa = PBXBuildFile; fileRef = 743B7CE61DF2573000E1F0AC /* ViewController.swift */; };
		743B7CEA1DF2573000E1F0AC /* Main.storyboard in Resources */ = {isa = PBXBuildFile; fileRef = 743B7CE81DF2573000E1F0AC /* Main.storyboard */; };
		743B7CEC1DF2573000E1F0AC /* Assets.xcassets in Resources */ = {isa = PBXBuildFile; fileRef = 743B7CEB1DF2573000E1F0AC /* Assets.xcassets */; };
		743B7CEF1DF2573000E1F0AC /* LaunchScreen.storyboard in Resources */ = {isa = PBXBuildFile; fileRef = 743B7CED1DF2573000E1F0AC /* LaunchScreen.storyboard */; };
		743B7CF81DF2596700E1F0AC /* WaterFallFlowLayout.swift in Sources */ = {isa = PBXBuildFile; fileRef = 743B7CF71DF2596700E1F0AC /* WaterFallFlowLayout.swift */; };
		743B7CFB1DF2599600E1F0AC /* WaterfallFlowVC.swift in Sources */ = {isa = PBXBuildFile; fileRef = 743B7CF91DF2599600E1F0AC /* WaterfallFlowVC.swift */; };
		7478C06E1DF2648E0038CC75 /* CardLayout.swift in Sources */ = {isa = PBXBuildFile; fileRef = 7478C06D1DF2648E0038CC75 /* CardLayout.swift */; };
		7478C0701DF265DA0038CC75 /* CardVC.swift in Sources */ = {isa = PBXBuildFile; fileRef = 7478C06F1DF265DA0038CC75 /* CardVC.swift */; };
		7478C0731DF2983F0038CC75 /* SlideZoomInVC.swift in Sources */ = {isa = PBXBuildFile; fileRef = 7478C0721DF2983F0038CC75 /* SlideZoomInVC.swift */; };
		7478C0751DF2985E0038CC75 /* SlideZoomInLayout.swift in Sources */ = {isa = PBXBuildFile; fileRef = 7478C0741DF2985E0038CC75 /* SlideZoomInLayout.swift */; };
/* End PBXBuildFile section */

/* Begin PBXFileReference section */
		743B7CE11DF2573000E1F0AC /* UICollectionDemo.app */ = {isa = PBXFileReference; explicitFileType = wrapper.application; includeInIndex = 0; path = UICollectionDemo.app; sourceTree = BUILT_PRODUCTS_DIR; };
		743B7CE41DF2573000E1F0AC /* AppDelegate.swift */ = {isa = PBXFileReference; lastKnownFileType = sourcecode.swift; path = AppDelegate.swift; sourceTree = "<group>"; };
		743B7CE61DF2573000E1F0AC /* ViewController.swift */ = {isa = PBXFileReference; lastKnownFileType = sourcecode.swift; path = ViewController.swift; sourceTree = "<group>"; };
		743B7CE91DF2573000E1F0AC /* Base */ = {isa = PBXFileReference; lastKnownFileType = file.storyboard; name = Base; path = Base.lproj/Main.storyboard; sourceTree = "<group>"; };
		743B7CEB1DF2573000E1F0AC /* Assets.xcassets */ = {isa = PBXFileReference; lastKnownFileType = folder.assetcatalog; path = Assets.xcassets; sourceTree = "<group>"; };
		743B7CEE1DF2573000E1F0AC /* Base */ = {isa = PBXFileReference; lastKnownFileType = file.storyboard; name = Base; path = Base.lproj/LaunchScreen.storyboard; sourceTree = "<group>"; };
		743B7CF01DF2573000E1F0AC /* Info.plist */ = {isa = PBXFileReference; lastKnownFileType = text.plist.xml; path = Info.plist; sourceTree = "<group>"; };
		743B7CF71DF2596700E1F0AC /* WaterFallFlowLayout.swift */ = {isa = PBXFileReference; fileEncoding = 4; lastKnownFileType = sourcecode.swift; path = WaterFallFlowLayout.swift; sourceTree = "<group>"; };
		743B7CF91DF2599600E1F0AC /* WaterfallFlowVC.swift */ = {isa = PBXFileReference; fileEncoding = 4; lastKnownFileType = sourcecode.swift; path = WaterfallFlowVC.swift; sourceTree = "<group>"; };
		7478C06D1DF2648E0038CC75 /* CardLayout.swift */ = {isa = PBXFileReference; fileEncoding = 4; lastKnownFileType = sourcecode.swift; path = CardLayout.swift; sourceTree = "<group>"; };
		7478C06F1DF265DA0038CC75 /* CardVC.swift */ = {isa = PBXFileReference; fileEncoding = 4; lastKnownFileType = sourcecode.swift; path = CardVC.swift; sourceTree = "<group>"; };
		7478C0721DF2983F0038CC75 /* SlideZoomInVC.swift */ = {isa = PBXFileReference; fileEncoding = 4; lastKnownFileType = sourcecode.swift; path = SlideZoomInVC.swift; sourceTree = "<group>"; };
		7478C0741DF2985E0038CC75 /* SlideZoomInLayout.swift */ = {isa = PBXFileReference; fileEncoding = 4; lastKnownFileType = sourcecode.swift; path = SlideZoomInLayout.swift; sourceTree = "<group>"; };
/* End PBXFileReference section */

/* Begin PBXFrameworksBuildPhase section */
		743B7CDE1DF2573000E1F0AC /* Frameworks */ = {
			isa = PBXFrameworksBuildPhase;
			buildActionMask = 2147483647;
			files = (
			);
			runOnlyForDeploymentPostprocessing = 0;
		};
/* End PBXFrameworksBuildPhase section */

/* Begin PBXGroup section */
		743B7CD81DF2573000E1F0AC = {
			isa = PBXGroup;
			children = (
				743B7CE31DF2573000E1F0AC /* UICollectionDemo */,
				743B7CE21DF2573000E1F0AC /* Products */,
			);
			sourceTree = "<group>";
		};
		743B7CE21DF2573000E1F0AC /* Products */ = {
			isa = PBXGroup;
			children = (
				743B7CE11DF2573000E1F0AC /* UICollectionDemo.app */,
			);
			name = Products;
			sourceTree = "<group>";
		};
		743B7CE31DF2573000E1F0AC /* UICollectionDemo */ = {
			isa = PBXGroup;
			children = (
				7478C0711DF2982D0038CC75 /* SlideZoomIn */,
				7478C06C1DF264690038CC75 /* Card */,
				743B7CF61DF2594500E1F0AC /* WaterfallFlow */,
				743B7CE41DF2573000E1F0AC /* AppDelegate.swift */,
				743B7CE61DF2573000E1F0AC /* ViewController.swift */,
				743B7CE81DF2573000E1F0AC /* Main.storyboard */,
				743B7CEB1DF2573000E1F0AC /* Assets.xcassets */,
				743B7CED1DF2573000E1F0AC /* LaunchScreen.storyboard */,
				743B7CF01DF2573000E1F0AC /* Info.plist */,
			);
			path = UICollectionDemo;
			sourceTree = "<group>";
		};
		743B7CF61DF2594500E1F0AC /* WaterfallFlow */ = {
			isa = PBXGroup;
			children = (
				743B7CF71DF2596700E1F0AC /* WaterFallFlowLayout.swift */,
				743B7CF91DF2599600E1F0AC /* WaterfallFlowVC.swift */,
			);
			path = WaterfallFlow;
			sourceTree = "<group>";
		};
		7478C06C1DF264690038CC75 /* Card */ = {
			isa = PBXGroup;
			children = (
				7478C06D1DF2648E0038CC75 /* CardLayout.swift */,
				7478C06F1DF265DA0038CC75 /* CardVC.swift */,
			);
			path = Card;
			sourceTree = "<group>";
		};
		7478C0711DF2982D0038CC75 /* SlideZoomIn */ = {
			isa = PBXGroup;
			children = (
				7478C0741DF2985E0038CC75 /* SlideZoomInLayout.swift */,
				7478C0721DF2983F0038CC75 /* SlideZoomInVC.swift */,
			);
			path = SlideZoomIn;
			sourceTree = "<group>";
		};
/* End PBXGroup section */

/* Begin PBXNativeTarget section */
		743B7CE01DF2573000E1F0AC /* UICollectionDemo */ = {
			isa = PBXNativeTarget;
			buildConfigurationList = 743B7CF31DF2573000E1F0AC /* Build configuration list for PBXNativeTarget "UICollectionDemo" */;
			buildPhases = (
				743B7CDD1DF2573000E1F0AC /* Sources */,
				743B7CDE1DF2573000E1F0AC /* Frameworks */,
				743B7CDF1DF2573000E1F0AC /* Resources */,
			);
			buildRules = (
			);
			dependencies = (
			);
			name = UICollectionDemo;
			productName = UICollectionDemo;
			productReference = 743B7CE11DF2573000E1F0AC /* UICollectionDemo.app */;
			productType = "com.apple.product-type.application";
		};
/* End PBXNativeTarget section */

/* Begin PBXProject section */
		743B7CD91DF2573000E1F0AC /* Project object */ = {
			isa = PBXProject;
			attributes = {
				LastSwiftUpdateCheck = 0810;
				LastUpgradeCheck = 0810;
				ORGANIZATIONNAME = xiabob;
				TargetAttributes = {
					743B7CE01DF2573000E1F0AC = {
						CreatedOnToolsVersion = 8.1;
						DevelopmentTeam = WPR8JVVW9L;
						ProvisioningStyle = Automatic;
					};
				};
			};
			buildConfigurationList = 743B7CDC1DF2573000E1F0AC /* Build configuration list for PBXProject "UICollectionDemo" */;
			compatibilityVersion = "Xcode 3.2";
			developmentRegion = English;
			hasScannedForEncodings = 0;
			knownRegions = (
				en,
				Base,
			);
			mainGroup = 743B7CD81DF2573000E1F0AC;
			productRefGroup = 743B7CE21DF2573000E1F0AC /* Products */;
			projectDirPath = "";
			projectRoot = "";
			targets = (
				743B7CE01DF2573000E1F0AC /* UICollectionDemo */,
			);
		};
/* End PBXProject section */

/* Begin PBXResourcesBuildPhase section */
		743B7CDF1DF2573000E1F0AC /* Resources */ = {
			isa = PBXResourcesBuildPhase;
			buildActionMask = 2147483647;
			files = (
				743B7CEF1DF2573000E1F0AC /* LaunchScreen.storyboard in Resources */,
				743B7CEC1DF2573000E1F0AC /* Assets.xcassets in Resources */,
				743B7CEA1DF2573000E1F0AC /* Main.storyboard in Resources */,
			);
			runOnlyForDeploymentPostprocessing = 0;
		};
/* End PBXResourcesBuildPhase section */

/* Begin PBXSourcesBuildPhase section */
		743B7CDD1DF2573000E1F0AC /* Sources */ = {
			isa = PBXSourcesBuildPhase;
			buildActionMask = 2147483647;
			files = (
				7478C0701DF265DA0038CC75 /* CardVC.swift in Sources */,
				7478C0731DF2983F0038CC75 /* SlideZoomInVC.swift in Sources */,
				7478C06E1DF2648E0038CC75 /* CardLayout.swift in Sources */,
				743B7CF81DF2596700E1F0AC /* WaterFallFlowLayout.swift in Sources */,
				743B7CE71DF2573000E1F0AC /* ViewController.swift in Sources */,
				7478C0751DF2985E0038CC75 /* SlideZoomInLayout.swift in Sources */,
				743B7CE51DF2573000E1F0AC /* AppDelegate.swift in Sources */,
				743B7CFB1DF2599600E1F0AC /* WaterfallFlowVC.swift in Sources */,
			);
			runOnlyForDeploymentPostprocessing = 0;
		};
/* End PBXSourcesBuildPhase section */

/* Begin PBXVariantGroup section */
		743B7CE81DF2573000E1F0AC /* Main.storyboard */ = {
			isa = PBXVariantGroup;
			children = (
				743B7CE91DF2573000E1F0AC /* Base */,
			);
			name = Main.storyboard;
			sourceTree = "<group>";
		};
		743B7CED1DF2573000E1F0AC /* LaunchScreen.storyboard */ = {
			isa = PBXVariantGroup;
			children = (
				743B7CEE1DF2573000E1F0AC /* Base */,
			);
			name = LaunchScreen.storyboard;
			sourceTree = "<group>";
		};
/* End PBXVariantGroup section */

/* Begin XCBuildConfiguration section */
		743B7CF11DF2573000E1F0AC /* Debug */ = {
			isa = XCBuildConfiguration;
			buildSettings = {
				ALWAYS_SEARCH_USER_PATHS = NO;
				CLANG_ANALYZER_NONNULL = YES;
				CLANG_CXX_LANGUAGE_STANDARD = "gnu++0x";
				CLANG_CXX_LIBRARY = "libc++";
				CLANG_ENABLE_MODULES = YES;
				CLANG_ENABLE_OBJC_ARC = YES;
				CLANG_WARN_BOOL_CONVERSION = YES;
				CLANG_WARN_CONSTANT_CONVERSION = YES;
				CLANG_WARN_DIRECT_OBJC_ISA_USAGE = YES_ERROR;
				CLANG_WARN_DOCUMENTATION_COMMENTS = YES;
				CLANG_WARN_EMPTY_BODY = YES;
				CLANG_WARN_ENUM_CONVERSION = YES;
				CLANG_WARN_INFINITE_RECURSION = YES;
				CLANG_WARN_INT_CONVERSION = YES;
				CLANG_WARN_OBJC_ROOT_CLASS = YES_ERROR;
				CLANG_WARN_SUSPICIOUS_MOVES = YES;
				CLANG_WARN_UNREACHABLE_CODE = YES;
				CLANG_WARN__DUPLICATE_METHOD_MATCH = YES;
				"CODE_SIGN_IDENTITY[sdk=iphoneos*]" = "iPhone Developer";
				COPY_PHASE_STRIP = NO;
				DEBUG_INFORMATION_FORMAT = dwarf;
				ENABLE_STRICT_OBJC_MSGSEND = YES;
				ENABLE_TESTABILITY = YES;
				GCC_C_LANGUAGE_STANDARD = gnu99;
				GCC_DYNAMIC_NO_PIC = NO;
				GCC_NO_COMMON_BLOCKS = YES;
				GCC_OPTIMIZATION_LEVEL = 0;
				GCC_PREPROCESSOR_DEFINITIONS = (
					"DEBUG=1",
					"$(inherited)",
				);
				GCC_WARN_64_TO_32_BIT_CONVERSION = YES;
				GCC_WARN_ABOUT_RETURN_TYPE = YES_ERROR;
				GCC_WARN_UNDECLARED_SELECTOR = YES;
				GCC_WARN_UNINITIALIZED_AUTOS = YES_AGGRESSIVE;
				GCC_WARN_UNUSED_FUNCTION = YES;
				GCC_WARN_UNUSED_VARIABLE = YES;
				IPHONEOS_DEPLOYMENT_TARGET = 10.1;
				MTL_ENABLE_DEBUG_INFO = YES;
				ONLY_ACTIVE_ARCH = YES;
				SDKROOT = iphoneos;
				SWIFT_ACTIVE_COMPILATION_CONDITIONS = DEBUG;
				SWIFT_OPTIMIZATION_LEVEL = "-Onone";
			};
			name = Debug;
		};
		743B7CF21DF2573000E1F0AC /* Release */ = {
			isa = XCBuildConfiguration;
			buildSettings = {
				ALWAYS_SEARCH_USER_PATHS = NO;
				CLANG_ANALYZER_NONNULL = YES;
				CLANG_CXX_LANGUAGE_STANDARD = "gnu++0x";
				CLANG_CXX_LIBRARY = "libc++";
				CLANG_ENABLE_MODULES = YES;
				CLANG_ENABLE_OBJC_ARC = YES;
				CLANG_WARN_BOOL_CONVERSION = YES;
				CLANG_WARN_CONSTANT_CONVERSION = YES;
				CLANG_WARN_DIRECT_OBJC_ISA_USAGE = YES_ERROR;
				CLANG_WARN_DOCUMENTATION_COMMENTS = YES;
				CLANG_WARN_EMPTY_BODY = YES;
				CLANG_WARN_ENUM_CONVERSION = YES;
				CLANG_WARN_INFINITE_RECURSION = YES;
				CLANG_WARN_INT_CONVERSION = YES;
				CLANG_WARN_OBJC_ROOT_CLASS = YES_ERROR;
				CLANG_WARN_SUSPICIOUS_MOVES = YES;
				CLANG_WARN_UNREACHABLE_CODE = YES;
				CLANG_WARN__DUPLICATE_METHOD_MATCH = YES;
				"CODE_SIGN_IDENTITY[sdk=iphoneos*]" = "iPhone Developer";
				COPY_PHASE_STRIP = NO;
				DEBUG_INFORMATION_FORMAT = "dwarf-with-dsym";
				ENABLE_NS_ASSERTIONS = NO;
				ENABLE_STRICT_OBJC_MSGSEND = YES;
				GCC_C_LANGUAGE_STANDARD = gnu99;
				GCC_NO_COMMON_BLOCKS = YES;
				GCC_WARN_64_TO_32_BIT_CONVERSION = YES;
				GCC_WARN_ABOUT_RETURN_TYPE = YES_ERROR;
				GCC_WARN_UNDECLARED_SELECTOR = YES;
				GCC_WARN_UNINITIALIZED_AUTOS = YES_AGGRESSIVE;
				GCC_WARN_UNUSED_FUNCTION = YES;
				GCC_WARN_UNUSED_VARIABLE = YES;
				IPHONEOS_DEPLOYMENT_TARGET = 10.1;
				MTL_ENABLE_DEBUG_INFO = NO;
				SDKROOT = iphoneos;
				SWIFT_OPTIMIZATION_LEVEL = "-Owholemodule";
				VALIDATE_PRODUCT = YES;
			};
			name = Release;
		};
		743B7CF41DF2573000E1F0AC /* Debug */ = {
			isa = XCBuildConfiguration;
			buildSettings = {
				ASSETCATALOG_COMPILER_APPICON_NAME = AppIcon;
				DEVELOPMENT_TEAM = WPR8JVVW9L;
				INFOPLIST_FILE = UICollectionDemo/Info.plist;
				IPHONEOS_DEPLOYMENT_TARGET = 7.0;
				LD_RUNPATH_SEARCH_PATHS = "$(inherited) @executable_path/Frameworks";
				PRODUCT_BUNDLE_IDENTIFIER = com.xiabob.UICollectionDemo;
				PRODUCT_NAME = "$(TARGET_NAME)";
				SWIFT_VERSION = 3.0;
			};
			name = Debug;
		};
		743B7CF51DF2573000E1F0AC /* Release */ = {
			isa = XCBuildConfiguration;
			buildSettings = {
				ASSETCATALOG_COMPILER_APPICON_NAME = AppIcon;
				DEVELOPMENT_TEAM = WPR8JVVW9L;
				INFOPLIST_FILE = UICollectionDemo/Info.plist;
				IPHONEOS_DEPLOYMENT_TARGET = 7.0;
				LD_RUNPATH_SEARCH_PATHS = "$(inherited) @executable_path/Frameworks";
				PRODUCT_BUNDLE_IDENTIFIER = com.xiabob.UICollectionDemo;
				PRODUCT_NAME = "$(TARGET_NAME)";
				SWIFT_VERSION = 3.0;
			};
			name = Release;
		};
/* End XCBuildConfiguration section */

/* Begin XCConfigurationList section */
		743B7CDC1DF2573000E1F0AC /* Build configuration list for PBXProject "UICollectionDemo" */ = {
			isa = XCConfigurationList;
			buildConfigurations = (
				743B7CF11DF2573000E1F0AC /* Debug */,
				743B7CF21DF2573000E1F0AC /* Release */,
			);
			defaultConfigurationIsVisible = 0;
			defaultConfigurationName = Release;
		};
		743B7CF31DF2573000E1F0AC /* Build configuration list for PBXNativeTarget "UICollectionDemo" */ = {
			isa = XCConfigurationList;
			buildConfigurations = (
				743B7CF41DF2573000E1F0AC /* Debug */,
				743B7CF51DF2573000E1F0AC /* Release */,
			);
			defaultConfigurationIsVisible = 0;
			defaultConfigurationName = Release;
		};
/* End XCConfigurationList section */
	};
	rootObject = 743B7CD91DF2573000E1F0AC /* Project object */;
}
